
Microsoft Visual Studio Solution File, Format Version 12.00
# Visual Studio 2013
VisualStudioVersion = 12.0.31101.0
MinimumVisualStudioVersion = 10.0.40219.1
Project("{FAE04EC0-301F-11D3-BF4B-00C04F79EFBC}") = "PesquisasNet.Util", "PesquisasNet.Util\PesquisasNet.Util.csproj", "{DCE0DC08-09C0-4CE6-8CE2-7A94C9A1724A}"
EndProject
Project("{FAE04EC0-301F-11D3-BF4B-00C04F79EFBC}") = "PesquisasNet.Domain", "PesquisasNet.Domain\PesquisasNet.Domain.csproj", "{AE544617-08EB-40E5-BC03-4B7E1715DE0F}"
EndProject
Project("{FAE04EC0-301F-11D3-BF4B-00C04F79EFBC}") = "PesquisasNet.Infra", "PesquisasNet.Infra\PesquisasNet.Infra.csproj", "{BB0950D7-D7CF-488B-A0E3-8A80CF5A954D}"
EndProject
Project("{FAE04EC0-301F-11D3-BF4B-00C04F79EFBC}") = "PesquisasNet.Site", "PesquisasNet.Site\PesquisasNet.Site.csproj", "{E34691CE-4D9E-47D0-A6FB-502803F75AD7}"
EndProject
Project("{FAE04EC0-301F-11D3-BF4B-00C04F79EFBC}") = "PesquisasNet.Adm", "PesquisasNet.Adm\PesquisasNet.Adm.csproj", "{D619F3CE-77B1-4A80-B261-05C5158D0840}"
EndProject
Project("{FAE04EC0-301F-11D3-BF4B-00C04F79EFBC}") = "PesquisasNet.Adm.Test", "PesquisasNet.Adm.Test\PesquisasNet.Adm.Test.csproj", "{C15389FE-7606-4919-848D-4F3D9119CE58}"
EndProject
Project("{2150E333-8FDC-42A3-9474-1A3956D46DE8}") = ".nuget", ".nuget", "{82EE0049-5D68-4F66-8543-CD83A51D98C5}"
	ProjectSection(SolutionItems) = preProject
		.nuget\NuGet.Config = .nuget\NuGet.Config
		.nuget\NuGet.exe = .nuget\NuGet.exe
		.nuget\NuGet.targets = .nuget\NuGet.targets
	EndProjectSection
EndProject
Global
	GlobalSection(SolutionConfigurationPlatforms) = preSolution
		Debug|Any CPU = Debug|Any CPU
		Release|Any CPU = Release|Any CPU
	EndGlobalSection
	GlobalSection(ProjectConfigurationPlatforms) = postSolution
		{DCE0DC08-09C0-4CE6-8CE2-7A94C9A1724A}.Debug|Any CPU.ActiveCfg = Debug|Any CPU
		{DCE0DC08-09C0-4CE6-8CE2-7A94C9A1724A}.Debug|Any CPU.Build.0 = Debug|Any CPU
		{DCE0DC08-09C0-4CE6-8CE2-7A94C9A1724A}.Release|Any CPU.ActiveCfg = Release|Any CPU
		{DCE0DC08-09C0-4CE6-8CE2-7A94C9A1724A}.Release|Any CPU.Build.0 = Release|Any CPU
		{AE544617-08EB-40E5-BC03-4B7E1715DE0F}.Debug|Any CPU.ActiveCfg = Debug|Any CPU
		{AE544617-08EB-40E5-BC03-4B7E1715DE0F}.Debug|Any CPU.Build.0 = Debug|Any CPU
		{AE544617-08EB-40E5-BC03-4B7E1715DE0F}.Release|Any CPU.ActiveCfg = Release|Any CPU
		{AE544617-08EB-40E5-BC03-4B7E1715DE0F}.Release|Any CPU.Build.0 = Release|Any CPU
		{BB0950D7-D7CF-488B-A0E3-8A80CF5A954D}.Debug|Any CPU.ActiveCfg = Debug|Any CPU
		{BB0950D7-D7CF-488B-A0E3-8A80CF5A954D}.Debug|Any CPU.Build.0 = Debug|Any CPU
		{BB0950D7-D7CF-488B-A0E3-8A80CF5A954D}.Release|Any CPU.ActiveCfg = Release|Any CPU
		{BB0950D7-D7CF-488B-A0E3-8A80CF5A954D}.Release|Any CPU.Build.0 = Release|Any CPU
		{E34691CE-4D9E-47D0-A6FB-502803F75AD7}.Debug|Any CPU.ActiveCfg = Debug|Any CPU
		{E34691CE-4D9E-47D0-A6FB-502803F75AD7}.Debug|Any CPU.Build.0 = Debug|Any CPU
		{E34691CE-4D9E-47D0-A6FB-502803F75AD7}.Release|Any CPU.ActiveCfg = Release|Any CPU
		{E34691CE-4D9E-47D0-A6FB-502803F75AD7}.Release|Any CPU.Build.0 = Release|Any CPU
		{D619F3CE-77B1-4A80-B261-05C5158D0840}.Debug|Any CPU.ActiveCfg = Debug|Any CPU
		{D619F3CE-77B1-4A80-B261-05C5158D0840}.Debug|Any CPU.Build.0 = Debug|Any CPU
		{D619F3CE-77B1-4A80-B261-05C5158D0840}.Release|Any CPU.ActiveCfg = Release|Any CPU
		{D619F3CE-77B1-4A80-B261-05C5158D0840}.Release|Any CPU.Build.0 = Release|Any CPU
		{C15389FE-7606-4919-848D-4F3D9119CE58}.Debug|Any CPU.ActiveCfg = Debug|Any CPU
		{C15389FE-7606-4919-848D-4F3D9119CE58}.Debug|Any CPU.Build.0 = Debug|Any CPU
		{C15389FE-7606-4919-848D-4F3D9119CE58}.Release|Any CPU.ActiveCfg = Release|Any CPU
		{C15389FE-7606-4919-848D-4F3D9119CE58}.Release|Any CPU.Build.0 = Release|Any CPU
	EndGlobalSection
	GlobalSection(SolutionProperties) = preSolution
		HideSolutionNode = FALSE
	EndGlobalSection
EndGlobal
